
Microsoft Visual Studio Solution File, Format Version 12.00
# Visual Studio Version 17
VisualStudioVersion = 17.4.33205.214
MinimumVisualStudioVersion = 10.0.40219.1
Project("{FAE04EC0-301F-11D3-BF4B-00C04F79EFBC}") = "EAD_WEB_API_Y4_S1", "EAD_WEB_API_Y4_S1\EAD_WEB_API_Y4_S1.csproj", "{B6929C90-205B-433C-8B00-94A2FA7BF59D}"
EndProject
Global
	GlobalSection(SolutionConfigurationPlatforms) = preSolution
		Debug|Any CPU = Debug|Any CPU
		Release|Any CPU = Release|Any CPU
	EndGlobalSection
	GlobalSection(ProjectConfigurationPlatforms) = postSolution
		{B6929C90-205B-433C-8B00-94A2FA7BF59D}.Debug|Any CPU.ActiveCfg = Debug|Any CPU
		{B6929C90-205B-433C-8B00-94A2FA7BF59D}.Debug|Any CPU.Build.0 = Debug|Any CPU
		{B6929C90-205B-433C-8B00-94A2FA7BF59D}.Release|Any CPU.ActiveCfg = Release|Any CPU
		{B6929C90-205B-433C-8B00-94A2FA7BF59D}.Release|Any CPU.Build.0 = Release|Any CPU
	EndGlobalSection
	GlobalSection(SolutionProperties) = preSolution
		HideSolutionNode = FALSE
	EndGlobalSection
	GlobalSection(ExtensibilityGlobals) = postSolution
		SolutionGuid = {C1C14E65-5735-42D4-B18D-7FC62FF4CF73}
	EndGlobalSection
EndGlobal
